PODS:
  - Alamofire (5.6.4)
  - Kingfisher (7.6.1)
  - SnapKit (5.6.0)

DEPENDENCIES:
  - Alamofire
  - Kingfisher
  - SnapKit

SPEC REPOS:
  trunk:
    - Alamofire
    - Kingfisher
    - SnapKit

SPEC CHECKSUMS:
  Alamofire: 4e95d97098eacb88856099c4fc79b526a299e48c
  Kingfisher: 93a3c6d0d551658a31e19f21747e1d15cb39d525
  SnapKit: e01d52ebb8ddbc333eefe2132acf85c8227d9c25

PODFILE CHECKSUM: 5930c8347eb1f19c5920d659eb3caa896df79395

COCOAPODS: 1.11.3
